<Solution>
  <Project Path="FinTrack.Api/FinTrack.Api.csproj" />
  <Project Path="FinTrack.Application/FinTrack.Application.csproj" />
  <Project Path="FinTrack.Domain/FinTrack.Domain.csproj" />
  <Project Path="FinTrack.Infrastructure/FinTrack.Infrastructure.csproj" />
  <Project Path="FinTrack.Tests/FinTrack.Tests.csproj" />
</Solution>
